
Microsoft Visual Studio Solution File, Format Version 12.00
# Visual Studio Version 16
VisualStudioVersion = 16.0.31605.320
MinimumVisualStudioVersion = 10.0.40219.1
Project("{8BC9CEB8-8B4A-11D0-8D11-00A0C91BC942}") = "死亡笔记", "siwangbiji1\siwangbiji1.vcxproj", "{4CDFD6D2-66D7-4EC9-AE5C-3DB2C55058ED}"
EndProject
Global
	GlobalSection(SolutionConfigurationPlatforms) = preSolution
		Debug|x64 = Debug|x64
		Debug|x86 = Debug|x86
		Release|x64 = Release|x64
		Release|x86 = Release|x86
	EndGlobalSection
	GlobalSection(ProjectConfigurationPlatforms) = postSolution
		{4CDFD6D2-66D7-4EC9-AE5C-3DB2C55058ED}.Debug|x64.ActiveCfg = Debug|x64
		{4CDFD6D2-66D7-4EC9-AE5C-3DB2C55058ED}.Debug|x64.Build.0 = Debug|x64
		{4CDFD6D2-66D7-4EC9-AE5C-3DB2C55058ED}.Debug|x86.ActiveCfg = Debug|Win32
		{4CDFD6D2-66D7-4EC9-AE5C-3DB2C55058ED}.Debug|x86.Build.0 = Debug|Win32
		{4CDFD6D2-66D7-4EC9-AE5C-3DB2C55058ED}.Release|x64.ActiveCfg = Release|x64
		{4CDFD6D2-66D7-4EC9-AE5C-3DB2C55058ED}.Release|x64.Build.0 = Release|x64
		{4CDFD6D2-66D7-4EC9-AE5C-3DB2C55058ED}.Release|x86.ActiveCfg = Release|Win32
		{4CDFD6D2-66D7-4EC9-AE5C-3DB2C55058ED}.Release|x86.Build.0 = Release|Win32
	EndGlobalSection
	GlobalSection(SolutionProperties) = preSolution
		HideSolutionNode = FALSE
	EndGlobalSection
	GlobalSection(ExtensibilityGlobals) = postSolution
		SolutionGuid = {A19F96F3-0C3C-4E11-BC62-BEDA6FB124F9}
	EndGlobalSection
EndGlobal
