
Microsoft Visual Studio Solution File, Format Version 12.00
# Visual Studio Version 17
VisualStudioVersion = 17.2.32408.312
MinimumVisualStudioVersion = 10.0.40219.1
Project("{8BC9CEB8-8B4A-11D0-8D11-00A0C91BC942}") = "ConsoleApplication1", "ConsoleApplication1\ConsoleApplication1.vcxproj", "{8AE62B95-985B-4AF9-93CD-E9169584E3C6}"
EndProject
Global
	GlobalSection(SolutionConfigurationPlatforms) = preSolution
		Debug|x64 = Debug|x64
		Debug|x86 = Debug|x86
		Release|x64 = Release|x64
		Release|x86 = Release|x86
	EndGlobalSection
	GlobalSection(ProjectConfigurationPlatforms) = postSolution
		{8AE62B95-985B-4AF9-93CD-E9169584E3C6}.Debug|x64.ActiveCfg = Debug|x64
		{8AE62B95-985B-4AF9-93CD-E9169584E3C6}.Debug|x64.Build.0 = Debug|x64
		{8AE62B95-985B-4AF9-93CD-E9169584E3C6}.Debug|x86.ActiveCfg = Debug|Win32
		{8AE62B95-985B-4AF9-93CD-E9169584E3C6}.Debug|x86.Build.0 = Debug|Win32
		{8AE62B95-985B-4AF9-93CD-E9169584E3C6}.Release|x64.ActiveCfg = Release|x64
		{8AE62B95-985B-4AF9-93CD-E9169584E3C6}.Release|x64.Build.0 = Release|x64
		{8AE62B95-985B-4AF9-93CD-E9169584E3C6}.Release|x86.ActiveCfg = Release|Win32
		{8AE62B95-985B-4AF9-93CD-E9169584E3C6}.Release|x86.Build.0 = Release|Win32
	EndGlobalSection
	GlobalSection(SolutionProperties) = preSolution
		HideSolutionNode = FALSE
	EndGlobalSection
	GlobalSection(ExtensibilityGlobals) = postSolution
		SolutionGuid = {45850313-28BD-470C-9BD2-D175F85328F7}
	EndGlobalSection
EndGlobal
